
Microsoft Visual Studio Solution File, Format Version 12.00
# Visual Studio Version 17
VisualStudioVersion = 17.4.33122.133
MinimumVisualStudioVersion = 10.0.40219.1
Project("{9A19103F-16F7-4668-BE54-9A1E7A4F7556}") = "TodoCrud", "TodoCrud\TodoCrud.csproj", "{BD151C0B-7A59-4180-829E-25548A5A3679}"
EndProject
Project("{9A19103F-16F7-4668-BE54-9A1E7A4F7556}") = "TodoClient", "TodoClient\TodoClient.csproj", "{8401D06B-7478-4464-9324-D2EF156E2C42}"
EndProject
Project("{9A19103F-16F7-4668-BE54-9A1E7A4F7556}") = "TodoContracts", "TodoContracts\TodoContracts.csproj", "{54DCC062-BD67-4A5C-B9BE-B7E7F100C1A1}"
EndProject
Global
	GlobalSection(SolutionConfigurationPlatforms) = preSolution
		Debug|Any CPU = Debug|Any CPU
		Release|Any CPU = Release|Any CPU
	EndGlobalSection
	GlobalSection(ProjectConfigurationPlatforms) = postSolution
		{BD151C0B-7A59-4180-829E-25548A5A3679}.Debug|Any CPU.ActiveCfg = Debug|Any CPU
		{BD151C0B-7A59-4180-829E-25548A5A3679}.Debug|Any CPU.Build.0 = Debug|Any CPU
		{BD151C0B-7A59-4180-829E-25548A5A3679}.Release|Any CPU.ActiveCfg = Release|Any CPU
		{BD151C0B-7A59-4180-829E-25548A5A3679}.Release|Any CPU.Build.0 = Release|Any CPU
		{8401D06B-7478-4464-9324-D2EF156E2C42}.Debug|Any CPU.ActiveCfg = Debug|Any CPU
		{8401D06B-7478-4464-9324-D2EF156E2C42}.Debug|Any CPU.Build.0 = Debug|Any CPU
		{8401D06B-7478-4464-9324-D2EF156E2C42}.Release|Any CPU.ActiveCfg = Release|Any CPU
		{8401D06B-7478-4464-9324-D2EF156E2C42}.Release|Any CPU.Build.0 = Release|Any CPU
		{54DCC062-BD67-4A5C-B9BE-B7E7F100C1A1}.Debug|Any CPU.ActiveCfg = Debug|Any CPU
		{54DCC062-BD67-4A5C-B9BE-B7E7F100C1A1}.Debug|Any CPU.Build.0 = Debug|Any CPU
		{54DCC062-BD67-4A5C-B9BE-B7E7F100C1A1}.Release|Any CPU.ActiveCfg = Release|Any CPU
		{54DCC062-BD67-4A5C-B9BE-B7E7F100C1A1}.Release|Any CPU.Build.0 = Release|Any CPU
	EndGlobalSection
	GlobalSection(SolutionProperties) = preSolution
		HideSolutionNode = FALSE
	EndGlobalSection
	GlobalSection(ExtensibilityGlobals) = postSolution
		SolutionGuid = {B0889504-FD8A-4E15-9DAD-F3DE6E900FF2}
	EndGlobalSection
EndGlobal
